PODS:
  - AFNetworking (3.2.1):
    - AFNetworking/NSURLSession (= 3.2.1)
    - AFNetworking/Reachability (= 3.2.1)
    - AFNetworking/Security (= 3.2.1)
    - AFNetworking/Serialization (= 3.2.1)
    - AFNetworking/UIKit (= 3.2.1)
  - AFNetworking/NSURLSession (3.2.1):
    - AFNetworking/Reachability
    - AFNetworking/Security
    - AFNetworking/Serialization
  - AFNetworking/Reachability (3.2.1)
  - AFNetworking/Security (3.2.1)
  - AFNetworking/Serialization (3.2.1)
  - AFNetworking/UIKit (3.2.1):
    - AFNetworking/NSURLSession
  - Masonry (1.1.0)
<<<<<<< HEAD
  - MJRefresh (3.3.1)
=======
  - SDWebImage (5.4.0):
    - SDWebImage/Core (= 5.4.0)
  - SDWebImage/Core (5.4.0)
>>>>>>> upstream/master

DEPENDENCIES:
  - AFNetworking
  - Masonry
<<<<<<< HEAD
  - MJRefresh
=======
  - SDWebImage
>>>>>>> upstream/master

SPEC REPOS:
  trunk:
    - AFNetworking
    - Masonry
<<<<<<< HEAD
    - MJRefresh
=======
    - SDWebImage
>>>>>>> upstream/master

SPEC CHECKSUMS:
  AFNetworking: b6f891fdfaed196b46c7a83cf209e09697b94057
  Masonry: 678fab65091a9290e40e2832a55e7ab731aad201
<<<<<<< HEAD
  MJRefresh: eeda70fbf0ad277f3178cef1cd0c3532591d6237

PODFILE CHECKSUM: 0911317df81d1acee0c0227118b342d95a9f4503
=======
  SDWebImage: 5bf6aec6481ae2a062bdc59f9d6c1d1e552090e0

PODFILE CHECKSUM: a7c241cf53de19c81e1e2168391d2ab51b64f077
>>>>>>> upstream/master

COCOAPODS: 1.8.4
